
Microsoft Visual Studio Solution File, Format Version 12.00
# Visual Studio 2013
VisualStudioVersion = 12.0.30501.0
MinimumVisualStudioVersion = 10.0.40219.1
Project("{FAE04EC0-301F-11D3-BF4B-00C04F79EFBC}") = "Kriptografi", "Kriptografi\Kriptografi.csproj", "{AA4AD4F7-D92E-446E-9EC0-D0103C8FD58D}"
EndProject
Global
	GlobalSection(SolutionConfigurationPlatforms) = preSolution
		Debug|Any CPU = Debug|Any CPU
		Release|Any CPU = Release|Any CPU
	EndGlobalSection
	GlobalSection(ProjectConfigurationPlatforms) = postSolution
		{AA4AD4F7-D92E-446E-9EC0-D0103C8FD58D}.Debug|Any CPU.ActiveCfg = Debug|Any CPU
		{AA4AD4F7-D92E-446E-9EC0-D0103C8FD58D}.Debug|Any CPU.Build.0 = Debug|Any CPU
		{AA4AD4F7-D92E-446E-9EC0-D0103C8FD58D}.Release|Any CPU.ActiveCfg = Release|Any CPU
		{AA4AD4F7-D92E-446E-9EC0-D0103C8FD58D}.Release|Any CPU.Build.0 = Release|Any CPU
	EndGlobalSection
	GlobalSection(SolutionProperties) = preSolution
		HideSolutionNode = FALSE
	EndGlobalSection
EndGlobal
